
Microsoft Visual Studio Solution File, Format Version 12.00
# Visual Studio Version 16
VisualStudioVersion = 16.0.29920.165
MinimumVisualStudioVersion = 10.0.40219.1
Project("{FAE04EC0-301F-11D3-BF4B-00C04F79EFBC}") = "DokanNet.Tardigrade.Console", "DokanNet.Tardigrade.Console\DokanNet.Tardigrade.Console.csproj", "{335E1318-7BB2-4B5F-8EF7-3BE52846F8ED}"
EndProject
Project("{FAE04EC0-301F-11D3-BF4B-00C04F79EFBC}") = "DokanNet.Tardigrade", "DokanNet.Tardigrade\DokanNet.Tardigrade.csproj", "{C82236D5-4973-44F1-963E-8BF2F2DFAB3F}"
EndProject
Global
	GlobalSection(SolutionConfigurationPlatforms) = preSolution
		Debug|Any CPU = Debug|Any CPU
		Release|Any CPU = Release|Any CPU
	EndGlobalSection
	GlobalSection(ProjectConfigurationPlatforms) = postSolution
		{335E1318-7BB2-4B5F-8EF7-3BE52846F8ED}.Debug|Any CPU.ActiveCfg = Debug|Any CPU
		{335E1318-7BB2-4B5F-8EF7-3BE52846F8ED}.Debug|Any CPU.Build.0 = Debug|Any CPU
		{335E1318-7BB2-4B5F-8EF7-3BE52846F8ED}.Release|Any CPU.ActiveCfg = Release|Any CPU
		{335E1318-7BB2-4B5F-8EF7-3BE52846F8ED}.Release|Any CPU.Build.0 = Release|Any CPU
		{C82236D5-4973-44F1-963E-8BF2F2DFAB3F}.Debug|Any CPU.ActiveCfg = Debug|Any CPU
		{C82236D5-4973-44F1-963E-8BF2F2DFAB3F}.Debug|Any CPU.Build.0 = Debug|Any CPU
		{C82236D5-4973-44F1-963E-8BF2F2DFAB3F}.Release|Any CPU.ActiveCfg = Release|Any CPU
		{C82236D5-4973-44F1-963E-8BF2F2DFAB3F}.Release|Any CPU.Build.0 = Release|Any CPU
	EndGlobalSection
	GlobalSection(SolutionProperties) = preSolution
		HideSolutionNode = FALSE
	EndGlobalSection
	GlobalSection(ExtensibilityGlobals) = postSolution
		SolutionGuid = {B9B02C10-0503-4812-A635-69B7E33488A8}
	EndGlobalSection
EndGlobal
