
Microsoft Visual Studio Solution File, Format Version 12.00
# Visual Studio Version 16
VisualStudioVersion = 16.0.29920.165
MinimumVisualStudioVersion = 10.0.40219.1
Project("{FAE04EC0-301F-11D3-BF4B-00C04F79EFBC}") = "DokanNet.Tardigrade.Console", "DokanNet.Tardigrade.Console\DokanNet.Tardigrade.Console.csproj", "{335E1318-7BB2-4B5F-8EF7-3BE52846F8ED}"
EndProject
Project("{FAE04EC0-301F-11D3-BF4B-00C04F79EFBC}") = "DokanNet.Tardigrade", "DokanNet.Tardigrade\DokanNet.Tardigrade.csproj", "{C82236D5-4973-44F1-963E-8BF2F2DFAB3F}"
EndProject
Project("{FAE04EC0-301F-11D3-BF4B-00C04F79EFBC}") = "DokanNet.Tardigrade.UWP", "DokanNet.Tardigrade.UWP\DokanNet.Tardigrade.UWP.csproj", "{11E66B33-5D46-40AF-924E-C6FE0A9C300E}"
EndProject
Project("{FAE04EC0-301F-11D3-BF4B-00C04F79EFBC}") = "DokanNet.Tardigrade.UWP.SysTray", "DokanNet.Tardigrade.UWP.SysTray\DokanNet.Tardigrade.UWP.SysTray.csproj", "{D6AF9590-0963-4E52-B2DD-D46D14774746}"
EndProject
Project("{9A19103F-16F7-4668-BE54-9A1E7A4F7556}") = "DokanNet.Tardigrade.Contracts", "DokanNet.Tardigrade.Contracts\DokanNet.Tardigrade.Contracts.csproj", "{6AF39C55-EF62-4114-B8F5-6C157C4ECBEF}"
EndProject
Project("{C7167F0D-BC9F-4E6E-AFE1-012C56B48DB5}") = "DokanNet.Tardigrade.Package", "DokanNet.Tardigrade.Package\DokanNet.Tardigrade.Package.wapproj", "{BA19F7C4-9CB7-48A8-8A62-1B2958F20ED1}"
EndProject
Global
	GlobalSection(SolutionConfigurationPlatforms) = preSolution
		Debug|Any CPU = Debug|Any CPU
		Debug|ARM = Debug|ARM
		Debug|ARM64 = Debug|ARM64
		Debug|x64 = Debug|x64
		Debug|x86 = Debug|x86
		Release|Any CPU = Release|Any CPU
		Release|ARM = Release|ARM
		Release|ARM64 = Release|ARM64
		Release|x64 = Release|x64
		Release|x86 = Release|x86
	EndGlobalSection
	GlobalSection(ProjectConfigurationPlatforms) = postSolution
		{335E1318-7BB2-4B5F-8EF7-3BE52846F8ED}.Debug|Any CPU.ActiveCfg = Debug|Any CPU
		{335E1318-7BB2-4B5F-8EF7-3BE52846F8ED}.Debug|Any CPU.Build.0 = Debug|Any CPU
		{335E1318-7BB2-4B5F-8EF7-3BE52846F8ED}.Debug|ARM.ActiveCfg = Debug|Any CPU
		{335E1318-7BB2-4B5F-8EF7-3BE52846F8ED}.Debug|ARM.Build.0 = Debug|Any CPU
		{335E1318-7BB2-4B5F-8EF7-3BE52846F8ED}.Debug|ARM64.ActiveCfg = Debug|Any CPU
		{335E1318-7BB2-4B5F-8EF7-3BE52846F8ED}.Debug|ARM64.Build.0 = Debug|Any CPU
		{335E1318-7BB2-4B5F-8EF7-3BE52846F8ED}.Debug|x64.ActiveCfg = Debug|Any CPU
		{335E1318-7BB2-4B5F-8EF7-3BE52846F8ED}.Debug|x64.Build.0 = Debug|Any CPU
		{335E1318-7BB2-4B5F-8EF7-3BE52846F8ED}.Debug|x86.ActiveCfg = Debug|Any CPU
		{335E1318-7BB2-4B5F-8EF7-3BE52846F8ED}.Debug|x86.Build.0 = Debug|Any CPU
		{335E1318-7BB2-4B5F-8EF7-3BE52846F8ED}.Release|Any CPU.ActiveCfg = Release|Any CPU
		{335E1318-7BB2-4B5F-8EF7-3BE52846F8ED}.Release|Any CPU.Build.0 = Release|Any CPU
		{335E1318-7BB2-4B5F-8EF7-3BE52846F8ED}.Release|ARM.ActiveCfg = Release|Any CPU
		{335E1318-7BB2-4B5F-8EF7-3BE52846F8ED}.Release|ARM.Build.0 = Release|Any CPU
		{335E1318-7BB2-4B5F-8EF7-3BE52846F8ED}.Release|ARM64.ActiveCfg = Release|Any CPU
		{335E1318-7BB2-4B5F-8EF7-3BE52846F8ED}.Release|ARM64.Build.0 = Release|Any CPU
		{335E1318-7BB2-4B5F-8EF7-3BE52846F8ED}.Release|x64.ActiveCfg = Release|Any CPU
		{335E1318-7BB2-4B5F-8EF7-3BE52846F8ED}.Release|x64.Build.0 = Release|Any CPU
		{335E1318-7BB2-4B5F-8EF7-3BE52846F8ED}.Release|x86.ActiveCfg = Release|Any CPU
		{335E1318-7BB2-4B5F-8EF7-3BE52846F8ED}.Release|x86.Build.0 = Release|Any CPU
		{C82236D5-4973-44F1-963E-8BF2F2DFAB3F}.Debug|Any CPU.ActiveCfg = Debug|Any CPU
		{C82236D5-4973-44F1-963E-8BF2F2DFAB3F}.Debug|Any CPU.Build.0 = Debug|Any CPU
		{C82236D5-4973-44F1-963E-8BF2F2DFAB3F}.Debug|ARM.ActiveCfg = Debug|Any CPU
		{C82236D5-4973-44F1-963E-8BF2F2DFAB3F}.Debug|ARM.Build.0 = Debug|Any CPU
		{C82236D5-4973-44F1-963E-8BF2F2DFAB3F}.Debug|ARM64.ActiveCfg = Debug|Any CPU
		{C82236D5-4973-44F1-963E-8BF2F2DFAB3F}.Debug|ARM64.Build.0 = Debug|Any CPU
		{C82236D5-4973-44F1-963E-8BF2F2DFAB3F}.Debug|x64.ActiveCfg = Debug|Any CPU
		{C82236D5-4973-44F1-963E-8BF2F2DFAB3F}.Debug|x64.Build.0 = Debug|Any CPU
		{C82236D5-4973-44F1-963E-8BF2F2DFAB3F}.Debug|x86.ActiveCfg = Debug|x86
		{C82236D5-4973-44F1-963E-8BF2F2DFAB3F}.Debug|x86.Build.0 = Debug|x86
		{C82236D5-4973-44F1-963E-8BF2F2DFAB3F}.Release|Any CPU.ActiveCfg = Release|Any CPU
		{C82236D5-4973-44F1-963E-8BF2F2DFAB3F}.Release|Any CPU.Build.0 = Release|Any CPU
		{C82236D5-4973-44F1-963E-8BF2F2DFAB3F}.Release|ARM.ActiveCfg = Release|Any CPU
		{C82236D5-4973-44F1-963E-8BF2F2DFAB3F}.Release|ARM.Build.0 = Release|Any CPU
		{C82236D5-4973-44F1-963E-8BF2F2DFAB3F}.Release|ARM64.ActiveCfg = Release|Any CPU
		{C82236D5-4973-44F1-963E-8BF2F2DFAB3F}.Release|ARM64.Build.0 = Release|Any CPU
		{C82236D5-4973-44F1-963E-8BF2F2DFAB3F}.Release|x64.ActiveCfg = Release|Any CPU
		{C82236D5-4973-44F1-963E-8BF2F2DFAB3F}.Release|x64.Build.0 = Release|Any CPU
		{C82236D5-4973-44F1-963E-8BF2F2DFAB3F}.Release|x86.ActiveCfg = Release|x86
		{C82236D5-4973-44F1-963E-8BF2F2DFAB3F}.Release|x86.Build.0 = Release|x86
		{11E66B33-5D46-40AF-924E-C6FE0A9C300E}.Debug|Any CPU.ActiveCfg = Debug|x86
		{11E66B33-5D46-40AF-924E-C6FE0A9C300E}.Debug|Any CPU.Build.0 = Debug|x86
		{11E66B33-5D46-40AF-924E-C6FE0A9C300E}.Debug|ARM.ActiveCfg = Debug|ARM
		{11E66B33-5D46-40AF-924E-C6FE0A9C300E}.Debug|ARM.Build.0 = Debug|ARM
		{11E66B33-5D46-40AF-924E-C6FE0A9C300E}.Debug|ARM.Deploy.0 = Debug|ARM
		{11E66B33-5D46-40AF-924E-C6FE0A9C300E}.Debug|ARM64.ActiveCfg = Debug|ARM64
		{11E66B33-5D46-40AF-924E-C6FE0A9C300E}.Debug|ARM64.Build.0 = Debug|ARM64
		{11E66B33-5D46-40AF-924E-C6FE0A9C300E}.Debug|ARM64.Deploy.0 = Debug|ARM64
		{11E66B33-5D46-40AF-924E-C6FE0A9C300E}.Debug|x64.ActiveCfg = Debug|x64
		{11E66B33-5D46-40AF-924E-C6FE0A9C300E}.Debug|x64.Build.0 = Debug|x64
		{11E66B33-5D46-40AF-924E-C6FE0A9C300E}.Debug|x64.Deploy.0 = Debug|x64
		{11E66B33-5D46-40AF-924E-C6FE0A9C300E}.Debug|x86.ActiveCfg = Debug|x86
		{11E66B33-5D46-40AF-924E-C6FE0A9C300E}.Debug|x86.Build.0 = Debug|x86
		{11E66B33-5D46-40AF-924E-C6FE0A9C300E}.Debug|x86.Deploy.0 = Debug|x86
		{11E66B33-5D46-40AF-924E-C6FE0A9C300E}.Release|Any CPU.ActiveCfg = Release|x86
		{11E66B33-5D46-40AF-924E-C6FE0A9C300E}.Release|ARM.ActiveCfg = Release|ARM
		{11E66B33-5D46-40AF-924E-C6FE0A9C300E}.Release|ARM.Build.0 = Release|ARM
		{11E66B33-5D46-40AF-924E-C6FE0A9C300E}.Release|ARM.Deploy.0 = Release|ARM
		{11E66B33-5D46-40AF-924E-C6FE0A9C300E}.Release|ARM64.ActiveCfg = Release|ARM64
		{11E66B33-5D46-40AF-924E-C6FE0A9C300E}.Release|ARM64.Build.0 = Release|ARM64
		{11E66B33-5D46-40AF-924E-C6FE0A9C300E}.Release|ARM64.Deploy.0 = Release|ARM64
		{11E66B33-5D46-40AF-924E-C6FE0A9C300E}.Release|x64.ActiveCfg = Release|x64
		{11E66B33-5D46-40AF-924E-C6FE0A9C300E}.Release|x64.Build.0 = Release|x64
		{11E66B33-5D46-40AF-924E-C6FE0A9C300E}.Release|x64.Deploy.0 = Release|x64
		{11E66B33-5D46-40AF-924E-C6FE0A9C300E}.Release|x86.ActiveCfg = Release|x86
		{11E66B33-5D46-40AF-924E-C6FE0A9C300E}.Release|x86.Build.0 = Release|x86
		{11E66B33-5D46-40AF-924E-C6FE0A9C300E}.Release|x86.Deploy.0 = Release|x86
		{D6AF9590-0963-4E52-B2DD-D46D14774746}.Debug|Any CPU.ActiveCfg = Debug|Any CPU
		{D6AF9590-0963-4E52-B2DD-D46D14774746}.Debug|Any CPU.Build.0 = Debug|Any CPU
		{D6AF9590-0963-4E52-B2DD-D46D14774746}.Debug|ARM.ActiveCfg = Debug|Any CPU
		{D6AF9590-0963-4E52-B2DD-D46D14774746}.Debug|ARM.Build.0 = Debug|Any CPU
		{D6AF9590-0963-4E52-B2DD-D46D14774746}.Debug|ARM64.ActiveCfg = Debug|Any CPU
		{D6AF9590-0963-4E52-B2DD-D46D14774746}.Debug|ARM64.Build.0 = Debug|Any CPU
		{D6AF9590-0963-4E52-B2DD-D46D14774746}.Debug|x64.ActiveCfg = Debug|Any CPU
		{D6AF9590-0963-4E52-B2DD-D46D14774746}.Debug|x64.Build.0 = Debug|Any CPU
		{D6AF9590-0963-4E52-B2DD-D46D14774746}.Debug|x86.ActiveCfg = Debug|Any CPU
		{D6AF9590-0963-4E52-B2DD-D46D14774746}.Debug|x86.Build.0 = Debug|Any CPU
		{D6AF9590-0963-4E52-B2DD-D46D14774746}.Release|Any CPU.ActiveCfg = Release|Any CPU
		{D6AF9590-0963-4E52-B2DD-D46D14774746}.Release|Any CPU.Build.0 = Release|Any CPU
		{D6AF9590-0963-4E52-B2DD-D46D14774746}.Release|ARM.ActiveCfg = Release|Any CPU
		{D6AF9590-0963-4E52-B2DD-D46D14774746}.Release|ARM.Build.0 = Release|Any CPU
		{D6AF9590-0963-4E52-B2DD-D46D14774746}.Release|ARM64.ActiveCfg = Release|Any CPU
		{D6AF9590-0963-4E52-B2DD-D46D14774746}.Release|ARM64.Build.0 = Release|Any CPU
		{D6AF9590-0963-4E52-B2DD-D46D14774746}.Release|x64.ActiveCfg = Release|Any CPU
		{D6AF9590-0963-4E52-B2DD-D46D14774746}.Release|x64.Build.0 = Release|Any CPU
		{D6AF9590-0963-4E52-B2DD-D46D14774746}.Release|x86.ActiveCfg = Release|Any CPU
		{D6AF9590-0963-4E52-B2DD-D46D14774746}.Release|x86.Build.0 = Release|Any CPU
		{6AF39C55-EF62-4114-B8F5-6C157C4ECBEF}.Debug|Any CPU.ActiveCfg = Debug|Any CPU
		{6AF39C55-EF62-4114-B8F5-6C157C4ECBEF}.Debug|Any CPU.Build.0 = Debug|Any CPU
		{6AF39C55-EF62-4114-B8F5-6C157C4ECBEF}.Debug|ARM.ActiveCfg = Debug|Any CPU
		{6AF39C55-EF62-4114-B8F5-6C157C4ECBEF}.Debug|ARM.Build.0 = Debug|Any CPU
		{6AF39C55-EF62-4114-B8F5-6C157C4ECBEF}.Debug|ARM64.ActiveCfg = Debug|Any CPU
		{6AF39C55-EF62-4114-B8F5-6C157C4ECBEF}.Debug|ARM64.Build.0 = Debug|Any CPU
		{6AF39C55-EF62-4114-B8F5-6C157C4ECBEF}.Debug|x64.ActiveCfg = Debug|Any CPU
		{6AF39C55-EF62-4114-B8F5-6C157C4ECBEF}.Debug|x64.Build.0 = Debug|Any CPU
		{6AF39C55-EF62-4114-B8F5-6C157C4ECBEF}.Debug|x86.ActiveCfg = Debug|Any CPU
		{6AF39C55-EF62-4114-B8F5-6C157C4ECBEF}.Debug|x86.Build.0 = Debug|Any CPU
		{6AF39C55-EF62-4114-B8F5-6C157C4ECBEF}.Release|Any CPU.ActiveCfg = Release|Any CPU
		{6AF39C55-EF62-4114-B8F5-6C157C4ECBEF}.Release|Any CPU.Build.0 = Release|Any CPU
		{6AF39C55-EF62-4114-B8F5-6C157C4ECBEF}.Release|ARM.ActiveCfg = Release|Any CPU
		{6AF39C55-EF62-4114-B8F5-6C157C4ECBEF}.Release|ARM.Build.0 = Release|Any CPU
		{6AF39C55-EF62-4114-B8F5-6C157C4ECBEF}.Release|ARM64.ActiveCfg = Release|Any CPU
		{6AF39C55-EF62-4114-B8F5-6C157C4ECBEF}.Release|ARM64.Build.0 = Release|Any CPU
		{6AF39C55-EF62-4114-B8F5-6C157C4ECBEF}.Release|x64.ActiveCfg = Release|Any CPU
		{6AF39C55-EF62-4114-B8F5-6C157C4ECBEF}.Release|x64.Build.0 = Release|Any CPU
		{6AF39C55-EF62-4114-B8F5-6C157C4ECBEF}.Release|x86.ActiveCfg = Release|Any CPU
		{6AF39C55-EF62-4114-B8F5-6C157C4ECBEF}.Release|x86.Build.0 = Release|Any CPU
		{BA19F7C4-9CB7-48A8-8A62-1B2958F20ED1}.Debug|Any CPU.ActiveCfg = Debug|x86
		{BA19F7C4-9CB7-48A8-8A62-1B2958F20ED1}.Debug|Any CPU.Build.0 = Debug|x86
		{BA19F7C4-9CB7-48A8-8A62-1B2958F20ED1}.Debug|Any CPU.Deploy.0 = Debug|x86
		{BA19F7C4-9CB7-48A8-8A62-1B2958F20ED1}.Debug|ARM.ActiveCfg = Debug|ARM
		{BA19F7C4-9CB7-48A8-8A62-1B2958F20ED1}.Debug|ARM.Build.0 = Debug|ARM
		{BA19F7C4-9CB7-48A8-8A62-1B2958F20ED1}.Debug|ARM.Deploy.0 = Debug|ARM
		{BA19F7C4-9CB7-48A8-8A62-1B2958F20ED1}.Debug|ARM64.ActiveCfg = Debug|ARM64
		{BA19F7C4-9CB7-48A8-8A62-1B2958F20ED1}.Debug|ARM64.Build.0 = Debug|ARM64
		{BA19F7C4-9CB7-48A8-8A62-1B2958F20ED1}.Debug|ARM64.Deploy.0 = Debug|ARM64
		{BA19F7C4-9CB7-48A8-8A62-1B2958F20ED1}.Debug|x64.ActiveCfg = Debug|x64
		{BA19F7C4-9CB7-48A8-8A62-1B2958F20ED1}.Debug|x64.Build.0 = Debug|x64
		{BA19F7C4-9CB7-48A8-8A62-1B2958F20ED1}.Debug|x64.Deploy.0 = Debug|x64
		{BA19F7C4-9CB7-48A8-8A62-1B2958F20ED1}.Debug|x86.ActiveCfg = Debug|x86
		{BA19F7C4-9CB7-48A8-8A62-1B2958F20ED1}.Debug|x86.Build.0 = Debug|x86
		{BA19F7C4-9CB7-48A8-8A62-1B2958F20ED1}.Debug|x86.Deploy.0 = Debug|x86
		{BA19F7C4-9CB7-48A8-8A62-1B2958F20ED1}.Release|Any CPU.ActiveCfg = Release|Any CPU
		{BA19F7C4-9CB7-48A8-8A62-1B2958F20ED1}.Release|Any CPU.Build.0 = Release|Any CPU
		{BA19F7C4-9CB7-48A8-8A62-1B2958F20ED1}.Release|Any CPU.Deploy.0 = Release|Any CPU
		{BA19F7C4-9CB7-48A8-8A62-1B2958F20ED1}.Release|ARM.ActiveCfg = Release|ARM
		{BA19F7C4-9CB7-48A8-8A62-1B2958F20ED1}.Release|ARM.Build.0 = Release|ARM
		{BA19F7C4-9CB7-48A8-8A62-1B2958F20ED1}.Release|ARM.Deploy.0 = Release|ARM
		{BA19F7C4-9CB7-48A8-8A62-1B2958F20ED1}.Release|ARM64.ActiveCfg = Release|ARM64
		{BA19F7C4-9CB7-48A8-8A62-1B2958F20ED1}.Release|ARM64.Build.0 = Release|ARM64
		{BA19F7C4-9CB7-48A8-8A62-1B2958F20ED1}.Release|ARM64.Deploy.0 = Release|ARM64
		{BA19F7C4-9CB7-48A8-8A62-1B2958F20ED1}.Release|x64.ActiveCfg = Release|x64
		{BA19F7C4-9CB7-48A8-8A62-1B2958F20ED1}.Release|x64.Build.0 = Release|x64
		{BA19F7C4-9CB7-48A8-8A62-1B2958F20ED1}.Release|x64.Deploy.0 = Release|x64
		{BA19F7C4-9CB7-48A8-8A62-1B2958F20ED1}.Release|x86.ActiveCfg = Release|x86
		{BA19F7C4-9CB7-48A8-8A62-1B2958F20ED1}.Release|x86.Build.0 = Release|x86
		{BA19F7C4-9CB7-48A8-8A62-1B2958F20ED1}.Release|x86.Deploy.0 = Release|x86
	EndGlobalSection
	GlobalSection(SolutionProperties) = preSolution
		HideSolutionNode = FALSE
	EndGlobalSection
	GlobalSection(ExtensibilityGlobals) = postSolution
		SolutionGuid = {B9B02C10-0503-4812-A635-69B7E33488A8}
	EndGlobalSection
EndGlobal
